// !$*UTF8*$!
{
	archiveVersion = 1;
	classes = {
	};
	objectVersion = 77;
	objects = {

/* Begin PBXBuildFile section */
		836487B02F60743600054E85 /* README.md in Resources */ = {isa = PBXBuildFile; fileRef = 836487AF2F60743600054E85 /* README.md */; };
/* End PBXBuildFile section */

/* Begin PBXContainerItemProxy section */
		835327CC2F606FD40044EF68 /* PBXContainerItemProxy */ = {
			isa = PBXContainerItemProxy;
			containerPortal = 835327B62F606FD40044EF68 /* Project object */;
			proxyType = 1;
			remoteGlobalIDString = 835327BD2F606FD40044EF68;
			remoteInfo = Globemaster;
		};
		835327D62F606FD40044EF68 /* PBXContainerItemProxy */ = {
			isa = PBXContainerItemProxy;
			containerPortal = 835327B62F606FD40044EF68 /* Project object */;
			proxyType = 1;
			remoteGlobalIDString = 835327BD2F606FD40044EF68;
			remoteInfo = Globemaster;
		};
/* End PBXContainerItemProxy section */

/* Begin PBXFileReference section */
		835327BE2F606FD40044EF68 /* Globemaster.app */ = {isa = PBXFileReference; explicitFileType = wrapper.application; includeInIndex = 0; path = Globemaster.app; sourceTree = BUILT_PRODUCTS_DIR; };
		835327CB2F606FD40044EF68 /* GlobemasterTests.xctest */ = {isa = PBXFileReference; explicitFileType = wrapper.cfbundle; includeInIndex = 0; path = GlobemasterTests.xctest; sourceTree = BUILT_PRODUCTS_DIR; };
		835327D52F606FD40044EF68 /* GlobemasterUITests.xctest */ = {isa = PBXFileReference; explicitFileType = wrapper.cfbundle; includeInIndex = 0; path = GlobemasterUITests.xctest; sourceTree = BUILT_PRODUCTS_DIR; };
		836487AF2F60743600054E85 /* README.md */ = {isa = PBXFileReference; lastKnownFileType = net.daringfireball.markdown; path = README.md; sourceTree = "<group>"; };
/* End PBXFileReference section */

/* Begin PBXFileSystemSynchronizedRootGroup section */
		835327C02F606FD40044EF68 /* Globemaster */ = {
			isa = PBXFileSystemSynchronizedRootGroup;
			path = Globemaster;
			sourceTree = "<group>";
		};
		835327CE2F606FD40044EF68 /* GlobemasterTests */ = {
			isa = PBXFileSystemSynchronizedRootGroup;
			path = GlobemasterTests;
			sourceTree = "<group>";
		};
		835327D82F606FD40044EF68 /* GlobemasterUITests */ = {
			isa = PBXFileSystemSynchronizedRootGroup;
			path = GlobemasterUITests;
			sourceTree = "<group>";
		};
/* End PBXFileSystemSynchronizedRootGroup section */

/* Begin PBXFrameworksBuildPhase section */
		835327BB2F606FD40044EF68 /* Frameworks */ = {
			isa = PBXFrameworksBuildPhase;
			buildActionMask = 2147483647;
			files = (
			);
			runOnlyForDeploymentPostprocessing = 0;
		};
		835327C82F606FD40044EF68 /* Frameworks */ = {
			isa = PBXFrameworksBuildPhase;
			buildActionMask = 2147483647;
			files = (
			);
			runOnlyForDeploymentPostprocessing = 0;
		};
		835327D22F606FD40044EF68 /* Frameworks */ = {
			isa = PBXFrameworksBuildPhase;
			buildActionMask = 2147483647;
			files = (
			);
			runOnlyForDeploymentPostprocessing = 0;
		};
/* End PBXFrameworksBuildPhase section */

/* Begin PBXGroup section */
		835327B52F606FD40044EF68 = {
			isa = PBXGroup;
			children = (
				836487AF2F60743600054E85 /* README.md */,
				835327C02F606FD40044EF68 /* Globemaster */,
				835327CE2F606FD40044EF68 /* GlobemasterTests */,
				835327D82F606FD40044EF68 /* GlobemasterUITests */,
				835327BF2F606FD40044EF68 /* Products */,
			);
			sourceTree = "<group>";
		};
		835327BF2F606FD40044EF68 /* Products */ = {
			isa = PBXGroup;
			children = (
				835327BE2F606FD40044EF68 /* Globemaster.app */,
				835327CB2F606FD40044EF68 /* GlobemasterTests.xctest */,
				835327D52F606FD40044EF68 /* GlobemasterUITests.xctest */,
			);
			name = Products;
			sourceTree = "<group>";
		};
/* End PBXGroup section */

/* Begin PBXNativeTarget section */
		835327BD2F606FD40044EF68 /* Globemaster */ = {
			isa = PBXNativeTarget;
			buildConfigurationList = 835327DF2F606FD40044EF68 /* Build configuration list for PBXNativeTarget "Globemaster" */;
			buildPhases = (
				835327BA2F606FD40044EF68 /* Sources */,
				835327BB2F606FD40044EF68 /* Frameworks */,
				835327BC2F606FD40044EF68 /* Resources */,
			);
			buildRules = (
			);
			dependencies = (
			);
			fileSystemSynchronizedGroups = (
				835327C02F606FD40044EF68 /* Globemaster */,
			);
			name = Globemaster;
			packageProductDependencies = (
			);
			productName = Globemaster;
			productReference = 835327BE2F606FD40044EF68 /* Globemaster.app */;
			productType = "com.apple.product-type.application";
		};
		835327CA2F606FD40044EF68 /* GlobemasterTests */ = {
			isa = PBXNativeTarget;
			buildConfigurationList = 835327E22F606FD40044EF68 /* Build configuration list for PBXNativeTarget "GlobemasterTests" */;
			buildPhases = (
				835327C72F606FD40044EF68 /* Sources */,
				835327C82F606FD40044EF68 /* Frameworks */,
				835327C92F606FD40044EF68 /* Resources */,
			);
			buildRules = (
			);
			dependencies = (
				835327CD2F606FD40044EF68 /* PBXTargetDependency */,
			);
			fileSystemSynchronizedGroups = (
				835327CE2F606FD40044EF68 /* GlobemasterTests */,
			);
			name = GlobemasterTests;
			packageProductDependencies = (
			);
			productName = GlobemasterTests;
			productReference = 835327CB2F606FD40044EF68 /* GlobemasterTests.xctest */;
			productType = "com.apple.product-type.bundle.unit-test";
		};
		835327D42F606FD40044EF68 /* GlobemasterUITests */ = {
			isa = PBXNativeTarget;
			buildConfigurationList = 835327E52F606FD40044EF68 /* Build configuration list for PBXNativeTarget "GlobemasterUITests" */;
			buildPhases = (
				835327D12F606FD40044EF68 /* Sources */,
				835327D22F606FD40044EF68 /* Frameworks */,
				835327D32F606FD40044EF68 /* Resources */,
			);
			buildRules = (
			);
			dependencies = (
				835327D72F606FD40044EF68 /* PBXTargetDependency */,
			);
			fileSystemSynchronizedGroups = (
				835327D82F606FD40044EF68 /* GlobemasterUITests */,
			);
			name = GlobemasterUITests;
			packageProductDependencies = (
			);
			productName = GlobemasterUITests;
			productReference = 835327D52F606FD40044EF68 /* GlobemasterUITests.xctest */;
			productType = "com.apple.product-type.bundle.ui-testing";
		};
/* End PBXNativeTarget section */

/* Begin PBXProject section */
		835327B62F606FD40044EF68 /* Project object */ = {
			isa = PBXProject;
			attributes = {
				BuildIndependentTargetsInParallel = 1;
				LastSwiftUpdateCheck = 2630;
				LastUpgradeCheck = 2630;
				TargetAttributes = {
					835327BD2F606FD40044EF68 = {
						CreatedOnToolsVersion = 26.3;
					};
					835327CA2F606FD40044EF68 = {
						CreatedOnToolsVersion = 26.3;
						TestTargetID = 835327BD2F606FD40044EF68;
					};
					835327D42F606FD40044EF68 = {
						CreatedOnToolsVersion = 26.3;
						TestTargetID = 835327BD2F606FD40044EF68;
					};
				};
			};
			buildConfigurationList = 835327B92F606FD40044EF68 /* Build configuration list for PBXProject "Globemaster" */;
			developmentRegion = en;
			hasScannedForEncodings = 0;
			knownRegions = (
				en,
				Base,
			);
			mainGroup = 835327B52F606FD40044EF68;
			minimizedProjectReferenceProxies = 1;
			preferredProjectObjectVersion = 77;
			productRefGroup = 835327BF2F606FD40044EF68 /* Products */;
			projectDirPath = "";
			projectRoot = "";
			targets = (
				835327BD2F606FD40044EF68 /* Globemaster */,
				835327CA2F606FD40044EF68 /* GlobemasterTests */,
				835327D42F606FD40044EF68 /* GlobemasterUITests */,
			);
		};
/* End PBXProject section */

/* Begin PBXResourcesBuildPhase section */
		835327BC2F606FD40044EF68 /* Resources */ = {
			isa = PBXResourcesBuildPhase;
			buildActionMask = 2147483647;
			files = (
				836487B02F60743600054E85 /* README.md in Resources */,
			);
			runOnlyForDeploymentPostprocessing = 0;
		};
		835327C92F606FD40044EF68 /* Resources */ = {
			isa = PBXResourcesBuildPhase;
			buildActionMask = 2147483647;
			files = (
			);
			runOnlyForDeploymentPostprocessing = 0;
		};
		835327D32F606FD40044EF68 /* Resources */ = {
			isa = PBXResourcesBuildPhase;
			buildActionMask = 2147483647;
			files = (
			);
			runOnlyForDeploymentPostprocessing = 0;
		};
/* End PBXResourcesBuildPhase section */

/* Begin PBXSourcesBuildPhase section */
		835327BA2F606FD40044EF68 /* Sources */ = {
			isa = PBXSourcesBuildPhase;
			buildActionMask = 2147483647;
			files = (
			);
			runOnlyForDeploymentPostprocessing = 0;
		};
		835327C72F606FD40044EF68 /* Sources */ = {
			isa = PBXSourcesBuildPhase;
			buildActionMask = 2147483647;
			files = (
			);
			runOnlyForDeploymentPostprocessing = 0;
		};
		835327D12F606FD40044EF68 /* Sources */ = {
			isa = PBXSourcesBuildPhase;
			buildActionMask = 2147483647;
			files = (
			);
			runOnlyForDeploymentPostprocessing = 0;
		};
/* End PBXSourcesBuildPhase section */

/* Begin PBXTargetDependency section */
		835327CD2F606FD40044EF68 /* PBXTargetDependency */ = {
			isa = PBXTargetDependency;
			target = 835327BD2F606FD40044EF68 /* Globemaster */;
			targetProxy = 835327CC2F606FD40044EF68 /* PBXContainerItemProxy */;
		};
		835327D72F606FD40044EF68 /* PBXTargetDependency */ = {
			isa = PBXTargetDependency;
			target = 835327BD2F606FD40044EF68 /* Globemaster */;
			targetProxy = 835327D62F606FD40044EF68 /* PBXContainerItemProxy */;
		};
/* End PBXTargetDependency section */

/* Begin XCBuildConfiguration section */
		835327DD2F606FD40044EF68 /* Debug */ = {
			isa = XCBuildConfiguration;
			buildSettings = {
				ALWAYS_SEARCH_USER_PATHS = NO;
				ASSETCATALOG_COMPILER_GENERATE_SWIFT_ASSET_SYMBOL_EXTENSIONS = YES;
				CLANG_ANALYZER_NONNULL = YES;
				CLANG_ANALYZER_NUMBER_OBJECT_CONVERSION = YES_AGGRESSIVE;
				CLANG_CXX_LANGUAGE_STANDARD = "gnu++20";
				CLANG_ENABLE_MODULES = YES;
				CLANG_ENABLE_OBJC_ARC = YES;
				CLANG_ENABLE_OBJC_WEAK = YES;
				CLANG_WARN_BLOCK_CAPTURE_AUTORELEASING = YES;
				CLANG_WARN_BOOL_CONVERSION = YES;
				CLANG_WARN_COMMA = YES;
				CLANG_WARN_CONSTANT_CONVERSION = YES;
				CLANG_WARN_DEPRECATED_OBJC_IMPLEMENTATIONS = YES;
				CLANG_WARN_DIRECT_OBJC_ISA_USAGE = YES_ERROR;
				CLANG_WARN_DOCUMENTATION_COMMENTS = YES;
				CLANG_WARN_EMPTY_BODY = YES;
				CLANG_WARN_ENUM_CONVERSION = YES;
				CLANG_WARN_INFINITE_RECURSION = YES;
				CLANG_WARN_INT_CONVERSION = YES;
				CLANG_WARN_NON_LITERAL_NULL_CONVERSION = YES;
				CLANG_WARN_OBJC_IMPLICIT_RETAIN_SELF = YES;
				CLANG_WARN_OBJC_LITERAL_CONVERSION = YES;
				CLANG_WARN_OBJC_ROOT_CLASS = YES_ERROR;
				CLANG_WARN_QUOTED_INCLUDE_IN_FRAMEWORK_HEADER = YES;
				CLANG_WARN_RANGE_LOOP_ANALYSIS = YES;
				CLANG_WARN_STRICT_PROTOTYPES = YES;
				CLANG_WARN_SUSPICIOUS_MOVE = YES;
				CLANG_WARN_UNGUARDED_AVAILABILITY = YES_AGGRESSIVE;
				CLANG_WARN_UNREACHABLE_CODE = YES;
				CLANG_WARN__DUPLICATE_METHOD_MATCH = YES;
				COPY_PHASE_STRIP = NO;
				DEBUG_INFORMATION_FORMAT = dwarf;
				DEVELOPMENT_TEAM = 9UHBV5AP46;
				ENABLE_STRICT_OBJC_MSGSEND = YES;
				ENABLE_TESTABILITY = YES;
				ENABLE_USER_SCRIPT_SANDBOXING = YES;
				GCC_C_LANGUAGE_STANDARD = gnu17;
				GCC_DYNAMIC_NO_PIC = NO;
				GCC_NO_COMMON_BLOCKS = YES;
				GCC_OPTIMIZATION_LEVEL = 0;
				GCC_PREPROCESSOR_DEFINITIONS = (
					"DEBUG=1",
					"$(inherited)",
				);
				GCC_WARN_64_TO_32_BIT_CONVERSION = YES;
				GCC_WARN_ABOUT_RETURN_TYPE = YES_ERROR;
				GCC_WARN_UNDECLARED_SELECTOR = YES;
				GCC_WARN_UNINITIALIZED_AUTOS = YES_AGGRESSIVE;
				GCC_WARN_UNUSED_FUNCTION = YES;
				GCC_WARN_UNUSED_VARIABLE = YES;
				LOCALIZATION_PREFERS_STRING_CATALOGS = YES;
				MACOSX_DEPLOYMENT_TARGET = 26.2;
				MTL_ENABLE_DEBUG_INFO = INCLUDE_SOURCE;
				MTL_FAST_MATH = YES;
				ONLY_ACTIVE_ARCH = YES;
				SDKROOT = macosx;
				SWIFT_ACTIVE_COMPILATION_CONDITIONS = "DEBUG $(inherited)";
				SWIFT_OPTIMIZATION_LEVEL = "-Onone";
			};
			name = Debug;
		};
		835327DE2F606FD40044EF68 /* Release */ = {
			isa = XCBuildConfiguration;
			buildSettings = {
				ALWAYS_SEARCH_USER_PATHS = NO;
				ASSETCATALOG_COMPILER_GENERATE_SWIFT_ASSET_SYMBOL_EXTENSIONS = YES;
				CLANG_ANALYZER_NONNULL = YES;
				CLANG_ANALYZER_NUMBER_OBJECT_CONVERSION = YES_AGGRESSIVE;
				CLANG_CXX_LANGUAGE_STANDARD = "gnu++20";
				CLANG_ENABLE_MODULES = YES;
				CLANG_ENABLE_OBJC_ARC = YES;
				CLANG_ENABLE_OBJC_WEAK = YES;
				CLANG_WARN_BLOCK_CAPTURE_AUTORELEASING = YES;
				CLANG_WARN_BOOL_CONVERSION = YES;
				CLANG_WARN_COMMA = YES;
				CLANG_WARN_CONSTANT_CONVERSION = YES;
				CLANG_WARN_DEPRECATED_OBJC_IMPLEMENTATIONS = YES;
				CLANG_WARN_DIRECT_OBJC_ISA_USAGE = YES_ERROR;
				CLANG_WARN_DOCUMENTATION_COMMENTS = YES;
				CLANG_WARN_EMPTY_BODY = YES;
				CLANG_WARN_ENUM_CONVERSION = YES;
				CLANG_WARN_INFINITE_RECURSION = YES;
				CLANG_WARN_INT_CONVERSION = YES;
				CLANG_WARN_NON_LITERAL_NULL_CONVERSION = YES;
				CLANG_WARN_OBJC_IMPLICIT_RETAIN_SELF = YES;
				CLANG_WARN_OBJC_LITERAL_CONVERSION = YES;
				CLANG_WARN_OBJC_ROOT_CLASS = YES_ERROR;
				CLANG_WARN_QUOTED_INCLUDE_IN_FRAMEWORK_HEADER = YES;
				CLANG_WARN_RANGE_LOOP_ANALYSIS = YES;
				CLANG_WARN_STRICT_PROTOTYPES = YES;
				CLANG_WARN_SUSPICIOUS_MOVE = YES;
				CLANG_WARN_UNGUARDED_AVAILABILITY = YES_AGGRESSIVE;
				CLANG_WARN_UNREACHABLE_CODE = YES;
				CLANG_WARN__DUPLICATE_METHOD_MATCH = YES;
				COPY_PHASE_STRIP = NO;
				DEBUG_INFORMATION_FORMAT = "dwarf-with-dsym";
				DEVELOPMENT_TEAM = 9UHBV5AP46;
				ENABLE_NS_ASSERTIONS = NO;
				ENABLE_STRICT_OBJC_MSGSEND = YES;
				ENABLE_USER_SCRIPT_SANDBOXING = YES;
				GCC_C_LANGUAGE_STANDARD = gnu17;
				GCC_NO_COMMON_BLOCKS = YES;
				GCC_WARN_64_TO_32_BIT_CONVERSION = YES;
				GCC_WARN_ABOUT_RETURN_TYPE = YES_ERROR;
				GCC_WARN_UNDECLARED_SELECTOR = YES;
				GCC_WARN_UNINITIALIZED_AUTOS = YES_AGGRESSIVE;
				GCC_WARN_UNUSED_FUNCTION = YES;
				GCC_WARN_UNUSED_VARIABLE = YES;
				LOCALIZATION_PREFERS_STRING_CATALOGS = YES;
				MACOSX_DEPLOYMENT_TARGET = 26.2;
				MTL_ENABLE_DEBUG_INFO = NO;
				MTL_FAST_MATH = YES;
				SDKROOT = macosx;
				SWIFT_COMPILATION_MODE = wholemodule;
			};
			name = Release;
		};
		835327E02F606FD40044EF68 /* Debug */ = {
			isa = XCBuildConfiguration;
			buildSettings = {
				ASSETCATALOG_COMPILER_APPICON_NAME = AppIcon;
				ASSETCATALOG_COMPILER_GLOBAL_ACCENT_COLOR_NAME = AccentColor;
				CODE_SIGN_STYLE = Automatic;
				COMBINE_HIDPI_IMAGES = YES;
				CURRENT_PROJECT_VERSION = 1;
				DEVELOPMENT_TEAM = 9UHBV5AP46;
				ENABLE_APP_SANDBOX = NO;
				ENABLE_HARDENED_RUNTIME = YES;
				ENABLE_PREVIEWS = YES;
				GENERATE_INFOPLIST_FILE = YES;
				INFOPLIST_KEY_LSUIElement = YES;
				INFOPLIST_KEY_NSHumanReadableCopyright = "";
				LD_RUNPATH_SEARCH_PATHS = (
					"$(inherited)",
					"@executable_path/../Frameworks",
				);
				MARKETING_VERSION = 1.0;
				PRODUCT_BUNDLE_IDENTIFIER = com.h1d3mun3.Globemaster;
				PRODUCT_NAME = "$(TARGET_NAME)";
				REGISTER_APP_GROUPS = YES;
				STRING_CATALOG_GENERATE_SYMBOLS = YES;
				SWIFT_APPROACHABLE_CONCURRENCY = YES;
				SWIFT_DEFAULT_ACTOR_ISOLATION = MainActor;
				SWIFT_EMIT_LOC_STRINGS = YES;
				SWIFT_UPCOMING_FEATURE_MEMBER_IMPORT_VISIBILITY = YES;
				SWIFT_VERSION = 5.0;
			};
			name = Debug;
		};
		835327E12F606FD40044EF68 /* Release */ = {
			isa = XCBuildConfiguration;
			buildSettings = {
				ASSETCATALOG_COMPILER_APPICON_NAME = AppIcon;
				ASSETCATALOG_COMPILER_GLOBAL_ACCENT_COLOR_NAME = AccentColor;
				CODE_SIGN_STYLE = Automatic;
				COMBINE_HIDPI_IMAGES = YES;
				CURRENT_PROJECT_VERSION = 1;
				DEVELOPMENT_TEAM = 9UHBV5AP46;
				ENABLE_APP_SANDBOX = NO;
				ENABLE_HARDENED_RUNTIME = YES;
				ENABLE_PREVIEWS = YES;
				GENERATE_INFOPLIST_FILE = YES;
				INFOPLIST_KEY_LSUIElement = YES;
				INFOPLIST_KEY_NSHumanReadableCopyright = "";
				LD_RUNPATH_SEARCH_PATHS = (
					"$(inherited)",
					"@executable_path/../Frameworks",
				);
				MARKETING_VERSION = 1.0;
				PRODUCT_BUNDLE_IDENTIFIER = com.h1d3mun3.Globemaster;
				PRODUCT_NAME = "$(TARGET_NAME)";
				REGISTER_APP_GROUPS = YES;
				STRING_CATALOG_GENERATE_SYMBOLS = YES;
				SWIFT_APPROACHABLE_CONCURRENCY = YES;
				SWIFT_DEFAULT_ACTOR_ISOLATION = MainActor;
				SWIFT_EMIT_LOC_STRINGS = YES;
				SWIFT_UPCOMING_FEATURE_MEMBER_IMPORT_VISIBILITY = YES;
				SWIFT_VERSION = 5.0;
			};
			name = Release;
		};
		835327E32F606FD40044EF68 /* Debug */ = {
			isa = XCBuildConfiguration;
			buildSettings = {
				BUNDLE_LOADER = "$(TEST_HOST)";
				CODE_SIGN_STYLE = Automatic;
				CURRENT_PROJECT_VERSION = 1;
				DEVELOPMENT_TEAM = 9UHBV5AP46;
				GENERATE_INFOPLIST_FILE = YES;
				MACOSX_DEPLOYMENT_TARGET = 26.2;
				MARKETING_VERSION = 1.0;
				PRODUCT_BUNDLE_IDENTIFIER = com.h1d3mun3.GlobemasterTests;
				PRODUCT_NAME = "$(TARGET_NAME)";
				STRING_CATALOG_GENERATE_SYMBOLS = NO;
				SWIFT_APPROACHABLE_CONCURRENCY = YES;
				SWIFT_EMIT_LOC_STRINGS = NO;
				SWIFT_UPCOMING_FEATURE_MEMBER_IMPORT_VISIBILITY = YES;
				SWIFT_VERSION = 5.0;
				TEST_HOST = "$(BUILT_PRODUCTS_DIR)/Globemaster.app/$(BUNDLE_EXECUTABLE_FOLDER_PATH)/Globemaster";
			};
			name = Debug;
		};
		835327E42F606FD40044EF68 /* Release */ = {
			isa = XCBuildConfiguration;
			buildSettings = {
				BUNDLE_LOADER = "$(TEST_HOST)";
				CODE_SIGN_STYLE = Automatic;
				CURRENT_PROJECT_VERSION = 1;
				DEVELOPMENT_TEAM = 9UHBV5AP46;
				GENERATE_INFOPLIST_FILE = YES;
				MACOSX_DEPLOYMENT_TARGET = 26.2;
				MARKETING_VERSION = 1.0;
				PRODUCT_BUNDLE_IDENTIFIER = com.h1d3mun3.GlobemasterTests;
				PRODUCT_NAME = "$(TARGET_NAME)";
				STRING_CATALOG_GENERATE_SYMBOLS = NO;
				SWIFT_APPROACHABLE_CONCURRENCY = YES;
				SWIFT_EMIT_LOC_STRINGS = NO;
				SWIFT_UPCOMING_FEATURE_MEMBER_IMPORT_VISIBILITY = YES;
				SWIFT_VERSION = 5.0;
				TEST_HOST = "$(BUILT_PRODUCTS_DIR)/Globemaster.app/$(BUNDLE_EXECUTABLE_FOLDER_PATH)/Globemaster";
			};
			name = Release;
		};
		835327E62F606FD40044EF68 /* Debug */ = {
			isa = XCBuildConfiguration;
			buildSettings = {
				CODE_SIGN_STYLE = Automatic;
				CURRENT_PROJECT_VERSION = 1;
				DEVELOPMENT_TEAM = 9UHBV5AP46;
				GENERATE_INFOPLIST_FILE = YES;
				MARKETING_VERSION = 1.0;
				PRODUCT_BUNDLE_IDENTIFIER = com.h1d3mun3.GlobemasterUITests;
				PRODUCT_NAME = "$(TARGET_NAME)";
				STRING_CATALOG_GENERATE_SYMBOLS = NO;
				SWIFT_APPROACHABLE_CONCURRENCY = YES;
				SWIFT_EMIT_LOC_STRINGS = NO;
				SWIFT_UPCOMING_FEATURE_MEMBER_IMPORT_VISIBILITY = YES;
				SWIFT_VERSION = 5.0;
				TEST_TARGET_NAME = Globemaster;
			};
			name = Debug;
		};
		835327E72F606FD40044EF68 /* Release */ = {
			isa = XCBuildConfiguration;
			buildSettings = {
				CODE_SIGN_STYLE = Automatic;
				CURRENT_PROJECT_VERSION = 1;
				DEVELOPMENT_TEAM = 9UHBV5AP46;
				GENERATE_INFOPLIST_FILE = YES;
				MARKETING_VERSION = 1.0;
				PRODUCT_BUNDLE_IDENTIFIER = com.h1d3mun3.GlobemasterUITests;
				PRODUCT_NAME = "$(TARGET_NAME)";
				STRING_CATALOG_GENERATE_SYMBOLS = NO;
				SWIFT_APPROACHABLE_CONCURRENCY = YES;
				SWIFT_EMIT_LOC_STRINGS = NO;
				SWIFT_UPCOMING_FEATURE_MEMBER_IMPORT_VISIBILITY = YES;
				SWIFT_VERSION = 5.0;
				TEST_TARGET_NAME = Globemaster;
			};
			name = Release;
		};
/* End XCBuildConfiguration section */

/* Begin XCConfigurationList section */
		835327B92F606FD40044EF68 /* Build configuration list for PBXProject "Globemaster" */ = {
			isa = XCConfigurationList;
			buildConfigurations = (
				835327DD2F606FD40044EF68 /* Debug */,
				835327DE2F606FD40044EF68 /* Release */,
			);
			defaultConfigurationIsVisible = 0;
			defaultConfigurationName = Release;
		};
		835327DF2F606FD40044EF68 /* Build configuration list for PBXNativeTarget "Globemaster" */ = {
			isa = XCConfigurationList;
			buildConfigurations = (
				835327E02F606FD40044EF68 /* Debug */,
				835327E12F606FD40044EF68 /* Release */,
			);
			defaultConfigurationIsVisible = 0;
			defaultConfigurationName = Release;
		};
		835327E22F606FD40044EF68 /* Build configuration list for PBXNativeTarget "GlobemasterTests" */ = {
			isa = XCConfigurationList;
			buildConfigurations = (
				835327E32F606FD40044EF68 /* Debug */,
				835327E42F606FD40044EF68 /* Release */,
			);
			defaultConfigurationIsVisible = 0;
			defaultConfigurationName = Release;
		};
		835327E52F606FD40044EF68 /* Build configuration list for PBXNativeTarget "GlobemasterUITests" */ = {
			isa = XCConfigurationList;
			buildConfigurations = (
				835327E62F606FD40044EF68 /* Debug */,
				835327E72F606FD40044EF68 /* Release */,
			);
			defaultConfigurationIsVisible = 0;
			defaultConfigurationName = Release;
		};
/* End XCConfigurationList section */
	};
	rootObject = 835327B62F606FD40044EF68 /* Project object */;
}
